
Microsoft Visual Studio Solution File, Format Version 12.00
Project("{FAE04EC0-301F-11D3-BF4B-00C04F79EFBC}") = "backend", "backend\backend.csproj", "{BBBB8E61-48A8-4692-9785-9C17240703C2}"
EndProject
Global
	GlobalSection(SolutionConfigurationPlatforms) = preSolution
		Debug|Any CPU = Debug|Any CPU
		Release|Any CPU = Release|Any CPU
	EndGlobalSection
	GlobalSection(ProjectConfigurationPlatforms) = postSolution
		{BBBB8E61-48A8-4692-9785-9C17240703C2}.Debug|Any CPU.ActiveCfg = Debug|Any CPU
		{BBBB8E61-48A8-4692-9785-9C17240703C2}.Debug|Any CPU.Build.0 = Debug|Any CPU
		{BBBB8E61-48A8-4692-9785-9C17240703C2}.Release|Any CPU.ActiveCfg = Release|Any CPU
		{BBBB8E61-48A8-4692-9785-9C17240703C2}.Release|Any CPU.Build.0 = Release|Any CPU
	EndGlobalSection
EndGlobal
